
Microsoft Visual Studio Solution File, Format Version 12.00
# Visual Studio Version 17
VisualStudioVersion = 17.7.34031.279
MinimumVisualStudioVersion = 10.0.40219.1
Project("{FAE04EC0-301F-11D3-BF4B-00C04F79EFBC}") = "BancoDeNotas", "BancoDeNotas\BancoDeNotas.csproj", "{2B63A708-370E-4CC2-9D82-287C93A3D4FF}"
EndProject
Global
	GlobalSection(SolutionConfigurationPlatforms) = preSolution
		Debug|Any CPU = Debug|Any CPU
		Release|Any CPU = Release|Any CPU
	EndGlobalSection
	GlobalSection(ProjectConfigurationPlatforms) = postSolution
		{2B63A708-370E-4CC2-9D82-287C93A3D4FF}.Debug|Any CPU.ActiveCfg = Debug|Any CPU
		{2B63A708-370E-4CC2-9D82-287C93A3D4FF}.Debug|Any CPU.Build.0 = Debug|Any CPU
		{2B63A708-370E-4CC2-9D82-287C93A3D4FF}.Release|Any CPU.ActiveCfg = Release|Any CPU
		{2B63A708-370E-4CC2-9D82-287C93A3D4FF}.Release|Any CPU.Build.0 = Release|Any CPU
	EndGlobalSection
	GlobalSection(SolutionProperties) = preSolution
		HideSolutionNode = FALSE
	EndGlobalSection
	GlobalSection(ExtensibilityGlobals) = postSolution
		SolutionGuid = {26325A5A-8773-4390-97E7-ED1D96C20C4C}
	EndGlobalSection
EndGlobal
